<?xml version="1.0" encoding="utf-8"?>
<Project ToolsVersion="4.0" xmlns="http://schemas.microsoft.com/developer/msbuild/2003">
  <ItemGroup>
    <Filter Include="Source Files">
      <UniqueIdentifier>{4FC737F1-C7A5-4376-A066-2A32D752A2FF}</UniqueIdentifier>
      <Extensions>cpp;c;cc;cxx;c++;cppm;ixx;def;odl;idl;hpj;bat;asm;asmx</Extensions>
    </Filter>
    <Filter Include="Header Files">
      <UniqueIdentifier>{93995380-89BD-4b04-88EB-625FBE52EBFB}</UniqueIdentifier>
      <Extensions>h;hh;hpp;hxx;h++;hm;inl;inc;ipp;xsd</Extensions>
    </Filter>
    <Filter Include="Resource Files">
      <UniqueIdentifier>{67DA6AB6-F800-4c08-8B7A-83BB121AAD01}</UniqueIdentifier>
      <Extensions>rc;ico;cur;bmp;dlg;rc2;rct;bin;rgs;gif;jpg;jpeg;jpe;resx;tiff;tif;png;wav;mfcribbon-ms</Extensions>
    </Filter>
    <Filter Include="Source Files\GraphicsContext">
      <UniqueIdentifier>{b12d7496-080b-4bda-88c8-2e823d8a8ba5}</UniqueIdentifier>
    </Filter>
    <Filter Include="Libraries">
      <UniqueIdentifier>{ccb924ee-133f-4e16-8097-46e00dcdfa4c}</UniqueIdentifier>
    </Filter>
    <Filter Include="Libraries\imgui">
      <UniqueIdentifier>{30c0bf67-298d-426d-bc7b-c0036fb3ac9d}</UniqueIdentifier>
    </Filter>
    <Filter Include="Libraries\imgui\backends">
      <UniqueIdentifier>{b8e3de0c-a39e-49c1-b608-ca3d2c4731b0}</UniqueIdentifier>
    </Filter>
    <Filter Include="Shaders">
      <UniqueIdentifier>{4d8dd6a7-f898-4676-9335-f7550b9cb7bd}</UniqueIdentifier>
    </Filter>
    <Filter Include="Source Files\GraphicsContext\Shader">
      <UniqueIdentifier>{548233de-f289-4a8b-82d0-fc281afc1a04}</UniqueIdentifier>
    </Filter>
    <Filter Include="Source Files\GraphicsContext\Buffers">
      <UniqueIdentifier>{b4ee3c8d-7b5c-48f5-bb09-35bcb0f69112}</UniqueIdentifier>
    </Filter>
  </ItemGroup>
  <ItemGroup>
    <ClCompile Include="src\App.cpp">
      <Filter>Source Files</Filter>
    </ClCompile>
    <ClCompile Include="src\ipch.cpp">
      <Filter>Source Files</Filter>
    </ClCompile>
    <ClCompile Include="src\Window.cpp">
      <Filter>Source Files\GraphicsContext</Filter>
    </ClCompile>
    <ClCompile Include="external\imgui\imgui.cpp">
      <Filter>Libraries\imgui</Filter>
    </ClCompile>
    <ClCompile Include="external\imgui\imgui_demo.cpp">
      <Filter>Libraries\imgui</Filter>
    </ClCompile>
    <ClCompile Include="external\imgui\imgui_draw.cpp">
      <Filter>Libraries\imgui</Filter>
    </ClCompile>
    <ClCompile Include="external\imgui\imgui_tables.cpp">
      <Filter>Libraries\imgui</Filter>
    </ClCompile>
    <ClCompile Include="external\imgui\imgui_widgets.cpp">
      <Filter>Libraries\imgui</Filter>
    </ClCompile>
    <ClCompile Include="external\imgui\backends\imgui_impl_glfw.cpp">
      <Filter>Libraries\imgui\backends</Filter>
    </ClCompile>
    <ClCompile Include="external\imgui\backends\imgui_impl_vulkan.cpp">
      <Filter>Libraries\imgui\backends</Filter>
    </ClCompile>
    <ClCompile Include="src\VK.cpp">
      <Filter>Source Files\GraphicsContext</Filter>
    </ClCompile>
    <ClCompile Include="src\VertexBuffer.cpp">
      <Filter>Source Files\GraphicsContext\Buffers</Filter>
    </ClCompile>
    <ClCompile Include="src\Buffer.cpp">
      <Filter>Source Files\GraphicsContext\Buffers</Filter>
    </ClCompile>
    <ClCompile Include="src\Vertex.cpp">
      <Filter>Source Files\GraphicsContext</Filter>
    </ClCompile>
  </ItemGroup>
  <ItemGroup>
    <ClInclude Include="src\App.h">
      <Filter>Source Files</Filter>
    </ClInclude>
    <ClInclude Include="src\IcebergCore.h">
      <Filter>Source Files</Filter>
    </ClInclude>
    <ClInclude Include="src\ipch.h">
      <Filter>Source Files</Filter>
    </ClInclude>
    <ClInclude Include="src\IcebergAPI.h">
      <Filter>Source Files</Filter>
    </ClInclude>
    <ClInclude Include="src\Window.h">
      <Filter>Source Files\GraphicsContext</Filter>
    </ClInclude>
    <ClInclude Include="external\imgui\imgui.h">
      <Filter>Libraries\imgui</Filter>
    </ClInclude>
    <ClInclude Include="external\imgui\imgui_internal.h">
      <Filter>Libraries\imgui</Filter>
    </ClInclude>
    <ClInclude Include="external\imgui\backends\imgui_impl_glfw.h">
      <Filter>Libraries\imgui\backends</Filter>
    </ClInclude>
    <ClInclude Include="external\imgui\backends\imgui_impl_vulkan.h">
      <Filter>Libraries\imgui\backends</Filter>
    </ClInclude>
    <ClInclude Include="src\VK.h">
      <Filter>Source Files\GraphicsContext</Filter>
    </ClInclude>
    <ClInclude Include="src\VertexBuffer.h">
      <Filter>Source Files\GraphicsContext\Buffers</Filter>
    </ClInclude>
    <ClInclude Include="src\StagingBuffer.h">
      <Filter>Source Files\GraphicsContext\Buffers</Filter>
    </ClInclude>
    <ClInclude Include="src\Buffer.h">
      <Filter>Source Files\GraphicsContext\Buffers</Filter>
    </ClInclude>
    <ClInclude Include="src\Vertex.h">
      <Filter>Source Files\GraphicsContext</Filter>
    </ClInclude>
  </ItemGroup>
  <ItemGroup>
    <None Include="assets\shaders\frag.glsl">
      <Filter>Shaders</Filter>
    </None>
    <None Include="assets\shaders\vert.glsl">
      <Filter>Shaders</Filter>
    </None>
  </ItemGroup>
</Project>